
Microsoft Visual Studio Solution File, Format Version 12.00
# Visual Studio 15
VisualStudioVersion = 15.0.28307.136
MinimumVisualStudioVersion = 10.0.40219.1
Project("{FAE04EC0-301F-11D3-BF4B-00C04F79EFBC}") = "BabysitterKata", "BabysitterKata\BabysitterKata.csproj", "{E954B333-6465-464D-97FA-3B1278BC1B70}"
EndProject
Project("{FAE04EC0-301F-11D3-BF4B-00C04F79EFBC}") = "UnitTestBabysitter", "..\UnitTestBabysitter\UnitTestBabysitter.csproj", "{BAE76CA6-2553-46C8-AEDE-0D1593CA9D86}"
EndProject
Global
	GlobalSection(SolutionConfigurationPlatforms) = preSolution
		Debug|Any CPU = Debug|Any CPU
		Release|Any CPU = Release|Any CPU
	EndGlobalSection
	GlobalSection(ProjectConfigurationPlatforms) = postSolution
		{E954B333-6465-464D-97FA-3B1278BC1B70}.Debug|Any CPU.ActiveCfg = Debug|Any CPU
		{E954B333-6465-464D-97FA-3B1278BC1B70}.Debug|Any CPU.Build.0 = Debug|Any CPU
		{E954B333-6465-464D-97FA-3B1278BC1B70}.Release|Any CPU.ActiveCfg = Release|Any CPU
		{E954B333-6465-464D-97FA-3B1278BC1B70}.Release|Any CPU.Build.0 = Release|Any CPU
		{BAE76CA6-2553-46C8-AEDE-0D1593CA9D86}.Debug|Any CPU.ActiveCfg = Debug|Any CPU
		{BAE76CA6-2553-46C8-AEDE-0D1593CA9D86}.Debug|Any CPU.Build.0 = Debug|Any CPU
		{BAE76CA6-2553-46C8-AEDE-0D1593CA9D86}.Release|Any CPU.ActiveCfg = Release|Any CPU
		{BAE76CA6-2553-46C8-AEDE-0D1593CA9D86}.Release|Any CPU.Build.0 = Release|Any CPU
	EndGlobalSection
	GlobalSection(SolutionProperties) = preSolution
		HideSolutionNode = FALSE
	EndGlobalSection
	GlobalSection(ExtensibilityGlobals) = postSolution
		SolutionGuid = {D7876967-DDC0-41D0-9DE1-7411A78831DC}
	EndGlobalSection
EndGlobal
